
Microsoft Visual Studio Solution File, Format Version 12.00
# Visual Studio Version 16
VisualStudioVersion = 16.0.31829.152
MinimumVisualStudioVersion = 10.0.40219.1
Project("{FAE04EC0-301F-11D3-BF4B-00C04F79EFBC}") = "Puzzle_Game", "Puzzle_Game\Puzzle_Game.csproj", "{FF348418-AE7E-43A9-A3C1-CADE58FCE66A}"
EndProject
Global
	GlobalSection(SolutionConfigurationPlatforms) = preSolution
		Debug|Any CPU = Debug|Any CPU
		Release|Any CPU = Release|Any CPU
	EndGlobalSection
	GlobalSection(ProjectConfigurationPlatforms) = postSolution
		{FF348418-AE7E-43A9-A3C1-CADE58FCE66A}.Debug|Any CPU.ActiveCfg = Debug|Any CPU
		{FF348418-AE7E-43A9-A3C1-CADE58FCE66A}.Debug|Any CPU.Build.0 = Debug|Any CPU
		{FF348418-AE7E-43A9-A3C1-CADE58FCE66A}.Release|Any CPU.ActiveCfg = Release|Any CPU
		{FF348418-AE7E-43A9-A3C1-CADE58FCE66A}.Release|Any CPU.Build.0 = Release|Any CPU
	EndGlobalSection
	GlobalSection(SolutionProperties) = preSolution
		HideSolutionNode = FALSE
	EndGlobalSection
	GlobalSection(ExtensibilityGlobals) = postSolution
		SolutionGuid = {734C26D5-8EEF-4384-8D21-6A6154E3A3AB}
	EndGlobalSection
EndGlobal
